{
  "name": "playground",
  "lockfileVersion": 3,
  "requires": true,
  "packages": {
    "": {
      "dependencies": {
        "@bytecodealliance/jco": "^1.15.4"
      }
    },
    "node_modules/@bytecodealliance/componentize-js": {
      "version": "0.19.3",
      "workspaces": [
        "."
      ],
      "dependencies": {
        "@bytecodealliance/jco": "^1.15.1",
        "@bytecodealliance/wizer": "^10.0.0",
        "es-module-lexer": "^1.6.0",
        "oxc-parser": "^0.76.0"
      },
      "bin": {
        "componentize-js": "src/cli.js"
      }
    },
    "node_modules/@bytecodealliance/jco": {
      "version": "1.15.4",
      "license": "(Apache-2.0 WITH LLVM-exception)",
      "dependencies": {
        "@bytecodealliance/componentize-js": "^0.19.3",
        "@bytecodealliance/preview2-shim": "^0.17.3",
        "binaryen": "^123.0.0",
        "commander": "^14",
        "mkdirp": "^3",
        "ora": "^8",
        "terser": "^5"
      },
      "bin": {
        "jco": "src/jco.js"
      }
    },
    "node_modules/@bytecodealliance/preview2-shim": {
      "version": "0.17.6",
      "license": "(Apache-2.0 WITH LLVM-exception)"
    },
    "node_modules/@bytecodealliance/wizer": {
      "version": "10.0.0",
      "license": "Apache-2.0",
      "bin": {
        "wizer": "wizer.js"
      },
      "engines": {
        "node": ">=16"
      },
      "optionalDependencies": {
        "@bytecodealliance/wizer-darwin-arm64": "10.0.0",
        "@bytecodealliance/wizer-darwin-x64": "10.0.0",
        "@bytecodealliance/wizer-linux-arm64": "10.0.0",
        "@bytecodealliance/wizer-linux-s390x": "10.0.0",
        "@bytecodealliance/wizer-linux-x64": "10.0.0",
        "@bytecodealliance/wizer-win32-x64": "10.0.0"
      }
    },
    "node_modules/@bytecodealliance/wizer-darwin-arm64": {
      "version": "10.0.0",
      "resolved": "https://registry.npmjs.org/@bytecodealliance/wizer-darwin-arm64/-/wizer-darwin-arm64-10.0.0.tgz",
      "integrity": "sha512-dhZTWel+xccGTKSJtI9A7oM4yyP20FWflsT+AoqkOqkCY7kCNrj4tmMtZ6GXZFRDkrPY5+EnOh62sfShEibAMA==",
      "cpu": [
        "arm64"
      ],
      "license": "Apache-2.0",
      "optional": true,
      "os": [
        "darwin"
      ],
      "bin": {
        "wizer-darwin-arm64": "wizer"
      }
    },
    "node_modules/@bytecodealliance/wizer-darwin-x64": {
      "version": "10.0.0",
      "resolved": "https://registry.npmjs.org/@bytecodealliance/wizer-darwin-x64/-/wizer-darwin-x64-10.0.0.tgz",
      "integrity": "sha512-r/LUIZw6Q3Hf4htd46mD+EBxfwjBkxVIrTM1r+B2pTCddoBYQnKVdVsI4UFyy7NoBxzEg8F8BwmTNoSLmFRjpw==",
      "cpu": [
        "x64"
      ],
      "license": "Apache-2.0",
      "optional": true,
      "os": [
        "darwin"
      ],
      "bin": {
        "wizer-darwin-x64": "wizer"
      }
    },
    "node_modules/@bytecodealliance/wizer-linux-arm64": {
      "version": "10.0.0",
      "resolved": "https://registry.npmjs.org/@bytecodealliance/wizer-linux-arm64/-/wizer-linux-arm64-10.0.0.tgz",
      "integrity": "sha512-pGSfFWXzeTqHm6z1PtVaEn+7Fm3QGC8YnHrzBV4sQDVS3N1NwmuHZAc8kslmlFPNdu61ycEvdOsSgCny8JPQvg==",
      "cpu": [
        "arm64"
      ],
      "license": "Apache-2.0",
      "optional": true,
      "os": [
        "linux"
      ],
      "bin": {
        "wizer-linux-arm64": "wizer"
      }
    },
    "node_modules/@bytecodealliance/wizer-linux-s390x": {
      "version": "10.0.0",
      "resolved": "https://registry.npmjs.org/@bytecodealliance/wizer-linux-s390x/-/wizer-linux-s390x-10.0.0.tgz",
      "integrity": "sha512-O8vHxRTAdb1lUnVXMIMTcp/9q4pq1D4iIKigJCipg2JN15taV9uFAWh0fO88wylXwuSlO7dOE1AwQl54fMKXQg==",
      "cpu": [
        "s390x"
      ],
      "license": "Apache-2.0",
      "optional": true,
      "os": [
        "linux"
      ],
      "bin": {
        "wizer-linux-s390x": "wizer"
      }
    },
    "node_modules/@bytecodealliance/wizer-linux-x64": {
      "version": "10.0.0",
      "cpu": [
        "x64"
      ],
      "license": "Apache-2.0",
      "optional": true,
      "os": [
        "linux"
      ],
      "bin": {
        "wizer-linux-x64": "wizer"
      }
    },
    "node_modules/@bytecodealliance/wizer-win32-x64": {
      "version": "10.0.0",
      "resolved": "https://registry.npmjs.org/@bytecodealliance/wizer-win32-x64/-/wizer-win32-x64-10.0.0.tgz",
      "integrity": "sha512-55BPLfGT7iT7gH5M69NpTM16QknJZ7OxJ0z73VOEoeGA9CT8QPKMRzFKsPIvLs+W8G28fdudFA94nElrdkp3Kg==",
      "cpu": [
        "x64"
      ],
      "license": "Apache-2.0",
      "optional": true,
      "os": [
        "win32"
      ],
      "bin": {
        "wizer-win32-x64": "wizer"
      }
    },
    "node_modules/@emnapi/core": {
      "version": "1.8.1",
      "resolved": "https://registry.npmjs.org/@emnapi/core/-/core-1.8.1.tgz",
      "integrity": "sha512-AvT9QFpxK0Zd8J0jopedNm+w/2fIzvtPKPjqyw9jwvBaReTTqPBk9Hixaz7KbjimP+QNz605/XnjFcDAL2pqBg==",
      "license": "MIT",
      "optional": true,
      "dependencies": {
        "@emnapi/wasi-threads": "1.1.0",
        "tslib": "^2.4.0"
      }
    },
    "node_modules/@emnapi/runtime": {
      "version": "1.8.1",
      "resolved": "https://registry.npmjs.org/@emnapi/runtime/-/runtime-1.8.1.tgz",
      "integrity": "sha512-mehfKSMWjjNol8659Z8KxEMrdSJDDot5SXMq00dM8BN4o+CLNXQ0xH2V7EchNHV4RmbZLmmPdEaXZc5H2FXmDg==",
      "license": "MIT",
      "optional": true,
      "dependencies": {
        "tslib": "^2.4.0"
      }
    },
    "node_modules/@emnapi/wasi-threads": {
      "version": "1.1.0",
      "resolved": "https://registry.npmjs.org/@emnapi/wasi-threads/-/wasi-threads-1.1.0.tgz",
      "integrity": "sha512-WI0DdZ8xFSbgMjR1sFsKABJ/C5OnRrjT06JXbZKexJGrDuPTzZdDYfFlsgcCXCyf+suG5QU2e/y1Wo2V/OapLQ==",
      "license": "MIT",
      "optional": true,
      "dependencies": {
        "tslib": "^2.4.0"
      }
    },
    "node_modules/@jridgewell/gen-mapping": {
      "version": "0.3.13",
      "license": "MIT",
      "dependencies": {
        "@jridgewell/sourcemap-codec": "^1.5.0",
        "@jridgewell/trace-mapping": "^0.3.24"
      }
    },
    "node_modules/@jridgewell/resolve-uri": {
      "version": "3.1.2",
      "license": "MIT",
      "engines": {
        "node": ">=6.0.0"
      }
    },
    "node_modules/@jridgewell/source-map": {
      "version": "0.3.11",
      "license": "MIT",
      "dependencies": {
        "@jridgewell/gen-mapping": "^0.3.5",
        "@jridgewell/trace-mapping": "^0.3.25"
      }
    },
    "node_modules/@jridgewell/sourcemap-codec": {
      "version": "1.5.5",
      "license": "MIT"
    },
    "node_modules/@jridgewell/trace-mapping": {
      "version": "0.3.31",
      "license": "MIT",
      "dependencies": {
        "@jridgewell/resolve-uri": "^3.1.0",
        "@jridgewell/sourcemap-codec": "^1.4.14"
      }
    },
    "node_modules/@napi-rs/wasm-runtime": {
      "version": "0.2.12",
      "resolved": "https://registry.npmjs.org/@napi-rs/wasm-runtime/-/wasm-runtime-0.2.12.tgz",
      "integrity": "sha512-ZVWUcfwY4E/yPitQJl481FjFo3K22D6qF0DuFH6Y/nbnE11GY5uguDxZMGXPQ8WQ0128MXQD7TnfHyK4oWoIJQ==",
      "license": "MIT",
      "optional": true,
      "dependencies": {
        "@emnapi/core": "^1.4.3",
        "@emnapi/runtime": "^1.4.3",
        "@tybys/wasm-util": "^0.10.0"
      }
    },
    "node_modules/@oxc-parser/binding-android-arm64": {
      "version": "0.76.0",
      "resolved": "https://registry.npmjs.org/@oxc-parser/binding-android-arm64/-/binding-android-arm64-0.76.0.tgz",
      "integrity": "sha512-1XJW/16CDmF5bHE7LAyPPmEEVnxSadDgdJz+xiLqBrmC4lfAeuAfRw3HlOygcPGr+AJsbD4Z5sFJMkwjbSZlQg==",
      "cpu": [
        "arm64"
      ],
      "license": "MIT",
      "optional": true,
      "os": [
        "android"
      ],
      "engines": {
        "node": ">=20.0.0"
      }
    },
    "node_modules/@oxc-parser/binding-darwin-arm64": {
      "version": "0.76.0",
      "resolved": "https://registry.npmjs.org/@oxc-parser/binding-darwin-arm64/-/binding-darwin-arm64-0.76.0.tgz",
      "integrity": "sha512-yoQwSom8xsB+JdGsPUU0xxmxLKiF2kdlrK7I56WtGKZilixuBf/TmOwNYJYLRWkBoW5l2/pDZOhBm2luwmLiLw==",
      "cpu": [
        "arm64"
      ],
      "license": "MIT",
      "optional": true,
      "os": [
        "darwin"
      ],
      "engines": {
        "node": ">=20.0.0"
      }
    },
    "node_modules/@oxc-parser/binding-darwin-x64": {
      "version": "0.76.0",
      "resolved": "https://registry.npmjs.org/@oxc-parser/binding-darwin-x64/-/binding-darwin-x64-0.76.0.tgz",
      "integrity": "sha512-uRIopPLvr3pf2Xj7f5LKyCuqzIU6zOS+zEIR8UDYhcgJyZHnvBkfrYnfcztyIcrGdQehrFUi3uplmI09E7RdiQ==",
      "cpu": [
        "x64"
      ],
      "license": "MIT",
      "optional": true,
      "os": [
        "darwin"
      ],
      "engines": {
        "node": ">=20.0.0"
      }
    },
    "node_modules/@oxc-parser/binding-freebsd-x64": {
      "version": "0.76.0",
      "resolved": "https://registry.npmjs.org/@oxc-parser/binding-freebsd-x64/-/binding-freebsd-x64-0.76.0.tgz",
      "integrity": "sha512-a0EOFvnOd2FqmDSvH6uWLROSlU6KV/JDKbsYDA/zRLyKcG6HCsmFnPsp8iV7/xr9WMbNgyJi6R5IMpePQlUq7Q==",
      "cpu": [
        "x64"
      ],
      "license": "MIT",
      "optional": true,
      "os": [
        "freebsd"
      ],
      "engines": {
        "node": ">=20.0.0"
      }
    },
    "node_modules/@oxc-parser/binding-linux-arm-gnueabihf": {
      "version": "0.76.0",
      "resolved": "https://registry.npmjs.org/@oxc-parser/binding-linux-arm-gnueabihf/-/binding-linux-arm-gnueabihf-0.76.0.tgz",
      "integrity": "sha512-ikRYDHL3fOdZwfJKmcdqjlLgkeNZ3Ez0qM8wAev5zlHZ+lY/Ig7qG5SCqPlvuTu+nNQ6zrFFaKvvt69EBKXU/g==",
      "cpu": [
        "arm"
      ],
      "license": "MIT",
      "optional": true,
      "os": [
        "linux"
      ],
      "engines": {
        "node": ">=20.0.0"
      }
    },
    "node_modules/@oxc-parser/binding-linux-arm-musleabihf": {
      "version": "0.76.0",
      "resolved": "https://registry.npmjs.org/@oxc-parser/binding-linux-arm-musleabihf/-/binding-linux-arm-musleabihf-0.76.0.tgz",
      "integrity": "sha512-dtRv5J5MRCLR7x39K8ufIIW4svIc7gYFUaI0YFXmmeOBhK/K2t/CkguPnDroKtsmXIPHDRtmJ1JJYzNcgJl6Wg==",
      "cpu": [
        "arm"
      ],
      "license": "MIT",
      "optional": true,
      "os": [
        "linux"
      ],
      "engines": {
        "node": ">=20.0.0"
      }
    },
    "node_modules/@oxc-parser/binding-linux-arm64-gnu": {
      "version": "0.76.0",
      "resolved": "https://registry.npmjs.org/@oxc-parser/binding-linux-arm64-gnu/-/binding-linux-arm64-gnu-0.76.0.tgz",
      "integrity": "sha512-IE4iiiggFH2snagQxHrY5bv6dDpRMMat+vdlMN/ibonA65eOmRLp8VLTXnDiNrcla/itJ1L9qGABHNKU+SnE8g==",
      "cpu": [
        "arm64"
      ],
      "license": "MIT",
      "optional": true,
      "os": [
        "linux"
      ],
      "engines": {
        "node": ">=20.0.0"
      }
    },
    "node_modules/@oxc-parser/binding-linux-arm64-musl": {
      "version": "0.76.0",
      "resolved": "https://registry.npmjs.org/@oxc-parser/binding-linux-arm64-musl/-/binding-linux-arm64-musl-0.76.0.tgz",
      "integrity": "sha512-wi9zQPMDHrBuRuT7Iurfidc9qlZh7cKa5vfYzOWNBCaqJdgxmNOFzvYen02wVUxSWGKhpiPHxrPX0jdRyJ8Npg==",
      "cpu": [
        "arm64"
      ],
      "license": "MIT",
      "optional": true,
      "os": [
        "linux"
      ],
      "engines": {
        "node": ">=20.0.0"
      }
    },
    "node_modules/@oxc-parser/binding-linux-riscv64-gnu": {
      "version": "0.76.0",
      "resolved": "https://registry.npmjs.org/@oxc-parser/binding-linux-riscv64-gnu/-/binding-linux-riscv64-gnu-0.76.0.tgz",
      "integrity": "sha512-0tqqu1pqPee2lLGY8vtYlX1L415fFn89e0a3yp4q5N9f03j1rRs0R31qesTm3bt/UK8HYjECZ+56FCVPs2MEMQ==",
      "cpu": [
        "riscv64"
      ],
      "license": "MIT",
      "optional": true,
      "os": [
        "linux"
      ],
      "engines": {
        "node": ">=20.0.0"
      }
    },
    "node_modules/@oxc-parser/binding-linux-s390x-gnu": {
      "version": "0.76.0",
      "resolved": "https://registry.npmjs.org/@oxc-parser/binding-linux-s390x-gnu/-/binding-linux-s390x-gnu-0.76.0.tgz",
      "integrity": "sha512-y36Hh1a5TA+oIGtlc8lT7N9vdHXBlhBetQJW0p457KbiVQ7jF7AZkaPWhESkjHWAsTVKD2OjCa9ZqfaqhSI0FQ==",
      "cpu": [
        "s390x"
      ],
      "license": "MIT",
      "optional": true,
      "os": [
        "linux"
      ],
      "engines": {
        "node": ">=20.0.0"
      }
    },
    "node_modules/@oxc-parser/binding-linux-x64-gnu": {
      "version": "0.76.0",
      "cpu": [
        "x64"
      ],
      "license": "MIT",
      "optional": true,
      "os": [
        "linux"
      ],
      "engines": {
        "node": ">=20.0.0"
      }
    },
    "node_modules/@oxc-parser/binding-linux-x64-musl": {
      "version": "0.76.0",
      "cpu": [
        "x64"
      ],
      "license": "MIT",
      "optional": true,
      "os": [
        "linux"
      ],
      "engines": {
        "node": ">=20.0.0"
      }
    },
    "node_modules/@oxc-parser/binding-wasm32-wasi": {
      "version": "0.76.0",
      "resolved": "https://registry.npmjs.org/@oxc-parser/binding-wasm32-wasi/-/binding-wasm32-wasi-0.76.0.tgz",
      "integrity": "sha512-wHdkHdhf6AWBoO8vs5cpoR6zEFY1rB+fXWtq6j/xb9j/lu1evlujRVMkh8IM/M/pOUIrNkna3nzST/mRImiveQ==",
      "cpu": [
        "wasm32"
      ],
      "license": "MIT",
      "optional": true,
      "dependencies": {
        "@napi-rs/wasm-runtime": "^0.2.11"
      },
      "engines": {
        "node": ">=14.0.0"
      }
    },
    "node_modules/@oxc-parser/binding-win32-arm64-msvc": {
      "version": "0.76.0",
      "resolved": "https://registry.npmjs.org/@oxc-parser/binding-win32-arm64-msvc/-/binding-win32-arm64-msvc-0.76.0.tgz",
      "integrity": "sha512-G7ZlEWcb2hNwCK3qalzqJoyB6HaTigQ/GEa7CU8sAJ/WwMdG/NnPqiC9IqpEAEy1ARSo4XMALfKbKNuqbSs5mg==",
      "cpu": [
        "arm64"
      ],
      "license": "MIT",
      "optional": true,
      "os": [
        "win32"
      ],
      "engines": {
        "node": ">=20.0.0"
      }
    },
    "node_modules/@oxc-parser/binding-win32-x64-msvc": {
      "version": "0.76.0",
      "resolved": "https://registry.npmjs.org/@oxc-parser/binding-win32-x64-msvc/-/binding-win32-x64-msvc-0.76.0.tgz",
      "integrity": "sha512-0jLzzmnu8/mqNhKBnNS2lFUbPEzRdj5ReiZwHGHpjma0+ullmmwP2AqSEqx3ssHDK9CpcEMdKOK2LsbCfhHKIA==",
      "cpu": [
        "x64"
      ],
      "license": "MIT",
      "optional": true,
      "os": [
        "win32"
      ],
      "engines": {
        "node": ">=20.0.0"
      }
    },
    "node_modules/@oxc-project/types": {
      "version": "0.76.0",
      "license": "MIT",
      "funding": {
        "url": "https://github.com/sponsors/Boshen"
      }
    },
    "node_modules/@tybys/wasm-util": {
      "version": "0.10.1",
      "resolved": "https://registry.npmjs.org/@tybys/wasm-util/-/wasm-util-0.10.1.tgz",
      "integrity": "sha512-9tTaPJLSiejZKx+Bmog4uSubteqTvFrVrURwkmHixBo0G4seD0zUxp98E1DzUBJxLQ3NPwXrGKDiVjwx/DpPsg==",
      "license": "MIT",
      "optional": true,
      "dependencies": {
        "tslib": "^2.4.0"
      }
    },
    "node_modules/acorn": {
      "version": "8.15.0",
      "license": "MIT",
      "bin": {
        "acorn": "bin/acorn"
      },
      "engines": {
        "node": ">=0.4.0"
      }
    },
    "node_modules/ansi-regex": {
      "version": "6.2.2",
      "license": "MIT",
      "engines": {
        "node": ">=12"
      },
      "funding": {
        "url": "https://github.com/chalk/ansi-regex?sponsor=1"
      }
    },
    "node_modules/binaryen": {
      "version": "123.0.0",
      "license": "Apache-2.0",
      "bin": {
        "wasm-as": "bin/wasm-as",
        "wasm-ctor-eval": "bin/wasm-ctor-eval",
        "wasm-dis": "bin/wasm-dis",
        "wasm-merge": "bin/wasm-merge",
        "wasm-metadce": "bin/wasm-metadce",
        "wasm-opt": "bin/wasm-opt",
        "wasm-reduce": "bin/wasm-reduce",
        "wasm-shell": "bin/wasm-shell",
        "wasm2js": "bin/wasm2js"
      }
    },
    "node_modules/buffer-from": {
      "version": "1.1.2",
      "license": "MIT"
    },
    "node_modules/chalk": {
      "version": "5.6.2",
      "license": "MIT",
      "engines": {
        "node": "^12.17.0 || ^14.13 || >=16.0.0"
      },
      "funding": {
        "url": "https://github.com/chalk/chalk?sponsor=1"
      }
    },
    "node_modules/cli-cursor": {
      "version": "5.0.0",
      "license": "MIT",
      "dependencies": {
        "restore-cursor": "^5.0.0"
      },
      "engines": {
        "node": ">=18"
      },
      "funding": {
        "url": "https://github.com/sponsors/sindresorhus"
      }
    },
    "node_modules/cli-spinners": {
      "version": "2.9.2",
      "license": "MIT",
      "engines": {
        "node": ">=6"
      },
      "funding": {
        "url": "https://github.com/sponsors/sindresorhus"
      }
    },
    "node_modules/commander": {
      "version": "14.0.2",
      "license": "MIT",
      "engines": {
        "node": ">=20"
      }
    },
    "node_modules/emoji-regex": {
      "version": "10.6.0",
      "license": "MIT"
    },
    "node_modules/es-module-lexer": {
      "version": "1.7.0",
      "license": "MIT"
    },
    "node_modules/get-east-asian-width": {
      "version": "1.4.0",
      "license": "MIT",
      "engines": {
        "node": ">=18"
      },
      "funding": {
        "url": "https://github.com/sponsors/sindresorhus"
      }
    },
    "node_modules/is-interactive": {
      "version": "2.0.0",
      "license": "MIT",
      "engines": {
        "node": ">=12"
      },
      "funding": {
        "url": "https://github.com/sponsors/sindresorhus"
      }
    },
    "node_modules/is-unicode-supported": {
      "version": "2.1.0",
      "license": "MIT",
      "engines": {
        "node": ">=18"
      },
      "funding": {
        "url": "https://github.com/sponsors/sindresorhus"
      }
    },
    "node_modules/log-symbols": {
      "version": "6.0.0",
      "license": "MIT",
      "dependencies": {
        "chalk": "^5.3.0",
        "is-unicode-supported": "^1.3.0"
      },
      "engines": {
        "node": ">=18"
      },
      "funding": {
        "url": "https://github.com/sponsors/sindresorhus"
      }
    },
    "node_modules/log-symbols/node_modules/is-unicode-supported": {
      "version": "1.3.0",
      "license": "MIT",
      "engines": {
        "node": ">=12"
      },
      "funding": {
        "url": "https://github.com/sponsors/sindresorhus"
      }
    },
    "node_modules/mimic-function": {
      "version": "5.0.1",
      "license": "MIT",
      "engines": {
        "node": ">=18"
      },
      "funding": {
        "url": "https://github.com/sponsors/sindresorhus"
      }
    },
    "node_modules/mkdirp": {
      "version": "3.0.1",
      "license": "MIT",
      "bin": {
        "mkdirp": "dist/cjs/src/bin.js"
      },
      "engines": {
        "node": ">=10"
      },
      "funding": {
        "url": "https://github.com/sponsors/isaacs"
      }
    },
    "node_modules/onetime": {
      "version": "7.0.0",
      "license": "MIT",
      "dependencies": {
        "mimic-function": "^5.0.0"
      },
      "engines": {
        "node": ">=18"
      },
      "funding": {
        "url": "https://github.com/sponsors/sindresorhus"
      }
    },
    "node_modules/ora": {
      "version": "8.2.0",
      "license": "MIT",
      "dependencies": {
        "chalk": "^5.3.0",
        "cli-cursor": "^5.0.0",
        "cli-spinners": "^2.9.2",
        "is-interactive": "^2.0.0",
        "is-unicode-supported": "^2.0.0",
        "log-symbols": "^6.0.0",
        "stdin-discarder": "^0.2.2",
        "string-width": "^7.2.0",
        "strip-ansi": "^7.1.0"
      },
      "engines": {
        "node": ">=18"
      },
      "funding": {
        "url": "https://github.com/sponsors/sindresorhus"
      }
    },
    "node_modules/oxc-parser": {
      "version": "0.76.0",
      "license": "MIT",
      "dependencies": {
        "@oxc-project/types": "^0.76.0"
      },
      "engines": {
        "node": ">=20.0.0"
      },
      "funding": {
        "url": "https://github.com/sponsors/Boshen"
      },
      "optionalDependencies": {
        "@oxc-parser/binding-android-arm64": "0.76.0",
        "@oxc-parser/binding-darwin-arm64": "0.76.0",
        "@oxc-parser/binding-darwin-x64": "0.76.0",
        "@oxc-parser/binding-freebsd-x64": "0.76.0",
        "@oxc-parser/binding-linux-arm-gnueabihf": "0.76.0",
        "@oxc-parser/binding-linux-arm-musleabihf": "0.76.0",
        "@oxc-parser/binding-linux-arm64-gnu": "0.76.0",
        "@oxc-parser/binding-linux-arm64-musl": "0.76.0",
        "@oxc-parser/binding-linux-riscv64-gnu": "0.76.0",
        "@oxc-parser/binding-linux-s390x-gnu": "0.76.0",
        "@oxc-parser/binding-linux-x64-gnu": "0.76.0",
        "@oxc-parser/binding-linux-x64-musl": "0.76.0",
        "@oxc-parser/binding-wasm32-wasi": "0.76.0",
        "@oxc-parser/binding-win32-arm64-msvc": "0.76.0",
        "@oxc-parser/binding-win32-x64-msvc": "0.76.0"
      }
    },
    "node_modules/restore-cursor": {
      "version": "5.1.0",
      "license": "MIT",
      "dependencies": {
        "onetime": "^7.0.0",
        "signal-exit": "^4.1.0"
      },
      "engines": {
        "node": ">=18"
      },
      "funding": {
        "url": "https://github.com/sponsors/sindresorhus"
      }
    },
    "node_modules/signal-exit": {
      "version": "4.1.0",
      "license": "ISC",
      "engines": {
        "node": ">=14"
      },
      "funding": {
        "url": "https://github.com/sponsors/isaacs"
      }
    },
    "node_modules/source-map": {
      "version": "0.6.1",
      "license": "BSD-3-Clause",
      "engines": {
        "node": ">=0.10.0"
      }
    },
    "node_modules/source-map-support": {
      "version": "0.5.21",
      "license": "MIT",
      "dependencies": {
        "buffer-from": "^1.0.0",
        "source-map": "^0.6.0"
      }
    },
    "node_modules/stdin-discarder": {
      "version": "0.2.2",
      "license": "MIT",
      "engines": {
        "node": ">=18"
      },
      "funding": {
        "url": "https://github.com/sponsors/sindresorhus"
      }
    },
    "node_modules/string-width": {
      "version": "7.2.0",
      "license": "MIT",
      "dependencies": {
        "emoji-regex": "^10.3.0",
        "get-east-asian-width": "^1.0.0",
        "strip-ansi": "^7.1.0"
      },
      "engines": {
        "node": ">=18"
      },
      "funding": {
        "url": "https://github.com/sponsors/sindresorhus"
      }
    },
    "node_modules/strip-ansi": {
      "version": "7.1.2",
      "license": "MIT",
      "dependencies": {
        "ansi-regex": "^6.0.1"
      },
      "engines": {
        "node": ">=12"
      },
      "funding": {
        "url": "https://github.com/chalk/strip-ansi?sponsor=1"
      }
    },
    "node_modules/terser": {
      "version": "5.46.0",
      "license": "BSD-2-Clause",
      "dependencies": {
        "@jridgewell/source-map": "^0.3.3",
        "acorn": "^8.15.0",
        "commander": "^2.20.0",
        "source-map-support": "~0.5.20"
      },
      "bin": {
        "terser": "bin/terser"
      },
      "engines": {
        "node": ">=10"
      }
    },
    "node_modules/terser/node_modules/commander": {
      "version": "2.20.3",
      "license": "MIT"
    },
    "node_modules/tslib": {
      "version": "2.8.1",
      "resolved": "https://registry.npmjs.org/tslib/-/tslib-2.8.1.tgz",
      "integrity": "sha512-oJFu94HQb+KVduSUQL7wnpmqnfmLsOA/nAh6b6EH0wCEoK0/mPeXU6c3wKDV83MkOuHPRHtSXKKU99IBazS/2w==",
      "license": "0BSD",
      "optional": true
    }
  }
}
